
Microsoft Visual Studio Solution File, Format Version 12.00
# Visual Studio 15
VisualStudioVersion = 15.0.26730.12
MinimumVisualStudioVersion = 10.0.40219.1
Project("{8BC9CEB8-8B4A-11D0-8D11-00A0C91BC942}") = "BOGGLE", "BOGGLE\BOGGLE.vcxproj", "{19D0C62C-FC32-4585-BCFF-2E2EAF1446AB}"
EndProject
Project("{8BC9CEB8-8B4A-11D0-8D11-00A0C91BC942}") = "PICNIC", "PICNIC\PICNIC.vcxproj", "{69445E6C-F7C4-4ED2-A880-71408A7CF898}"
EndProject
Project("{8BC9CEB8-8B4A-11D0-8D11-00A0C91BC942}") = "BOARDCOVER", "BOARDCOVER\BOARDCOVER.vcxproj", "{A72D1594-03BD-4F9A-BDFD-FE617A756351}"
EndProject
Project("{8BC9CEB8-8B4A-11D0-8D11-00A0C91BC942}") = "line", "line\line.vcxproj", "{A80D4E90-51E9-42B2-BB2B-DF96928E1F95}"
EndProject
Project("{8BC9CEB8-8B4A-11D0-8D11-00A0C91BC942}") = "4673 Self Number", "4673 Self Number\4673 Self Number.vcxproj", "{E30DC80E-0D32-4902-A65C-337912CC49E7}"
EndProject
Project("{8BC9CEB8-8B4A-11D0-8D11-00A0C91BC942}") = "1065 Hansu", "1065 Hansu\1065 Hansu.vcxproj", "{7158D144-53AA-4BF1-A634-37A076B351E5}"
EndProject
Project("{8BC9CEB8-8B4A-11D0-8D11-00A0C91BC942}") = "1152 Word count", "1152 Word count\1152 Word count.vcxproj", "{256F4CBA-53AB-4769-BBF9-CBBD93EDFBE2}"
EndProject
Project("{8BC9CEB8-8B4A-11D0-8D11-00A0C91BC942}") = "2309 Seven Dwarfs", "2309 Seven Dwarfs\2309 Seven Dwarfs.vcxproj", "{0102A7A5-2786-4860-86D8-F5F164F092E7}"
EndProject
Project("{8BC9CEB8-8B4A-11D0-8D11-00A0C91BC942}") = "CLOCKSYNC", "CLOCKSYNC\CLOCKSYNC.vcxproj", "{029E7126-AA33-443D-AFC0-5BAAFEAECEEB}"
EndProject
Project("{8BC9CEB8-8B4A-11D0-8D11-00A0C91BC942}") = "QUADTREE", "QUADTREE\QUADTREE.vcxproj", "{C63EBFEB-3887-4F3D-A0B2-4ABA122EADFB}"
EndProject
Project("{8BC9CEB8-8B4A-11D0-8D11-00A0C91BC942}") = "FENCE", "FENCE\FENCE.vcxproj", "{6BC573F7-AD61-41DF-BD7D-715A2E6B5946}"
EndProject
Project("{8BC9CEB8-8B4A-11D0-8D11-00A0C91BC942}") = "FANMEETING", "FANMEETING\FANMEETING.vcxproj", "{911D2A65-6010-475B-8005-EC7C325C0564}"
EndProject
Project("{8BC9CEB8-8B4A-11D0-8D11-00A0C91BC942}") = "JUMPGAME", "JUMPGAME\JUMPGAME.vcxproj", "{D2DE7947-E9A4-4803-999D-2F193E4752CC}"
EndProject
Project("{8BC9CEB8-8B4A-11D0-8D11-00A0C91BC942}") = "WILDCARD", "WILDCARD\WILDCARD.vcxproj", "{F90231BB-1CC6-419A-B539-2BD9632C87DE}"
EndProject
Global
	GlobalSection(SolutionConfigurationPlatforms) = preSolution
		Debug|x64 = Debug|x64
		Debug|x86 = Debug|x86
		Release|x64 = Release|x64
		Release|x86 = Release|x86
	EndGlobalSection
	GlobalSection(ProjectConfigurationPlatforms) = postSolution
		{19D0C62C-FC32-4585-BCFF-2E2EAF1446AB}.Debug|x64.ActiveCfg = Debug|x64
		{19D0C62C-FC32-4585-BCFF-2E2EAF1446AB}.Debug|x64.Build.0 = Debug|x64
		{19D0C62C-FC32-4585-BCFF-2E2EAF1446AB}.Debug|x86.ActiveCfg = Debug|Win32
		{19D0C62C-FC32-4585-BCFF-2E2EAF1446AB}.Debug|x86.Build.0 = Debug|Win32
		{19D0C62C-FC32-4585-BCFF-2E2EAF1446AB}.Release|x64.ActiveCfg = Release|x64
		{19D0C62C-FC32-4585-BCFF-2E2EAF1446AB}.Release|x64.Build.0 = Release|x64
		{19D0C62C-FC32-4585-BCFF-2E2EAF1446AB}.Release|x86.ActiveCfg = Release|Win32
		{19D0C62C-FC32-4585-BCFF-2E2EAF1446AB}.Release|x86.Build.0 = Release|Win32
		{69445E6C-F7C4-4ED2-A880-71408A7CF898}.Debug|x64.ActiveCfg = Debug|x64
		{69445E6C-F7C4-4ED2-A880-71408A7CF898}.Debug|x64.Build.0 = Debug|x64
		{69445E6C-F7C4-4ED2-A880-71408A7CF898}.Debug|x86.ActiveCfg = Debug|Win32
		{69445E6C-F7C4-4ED2-A880-71408A7CF898}.Debug|x86.Build.0 = Debug|Win32
		{69445E6C-F7C4-4ED2-A880-71408A7CF898}.Release|x64.ActiveCfg = Release|x64
		{69445E6C-F7C4-4ED2-A880-71408A7CF898}.Release|x64.Build.0 = Release|x64
		{69445E6C-F7C4-4ED2-A880-71408A7CF898}.Release|x86.ActiveCfg = Release|Win32
		{69445E6C-F7C4-4ED2-A880-71408A7CF898}.Release|x86.Build.0 = Release|Win32
		{A72D1594-03BD-4F9A-BDFD-FE617A756351}.Debug|x64.ActiveCfg = Debug|x64
		{A72D1594-03BD-4F9A-BDFD-FE617A756351}.Debug|x64.Build.0 = Debug|x64
		{A72D1594-03BD-4F9A-BDFD-FE617A756351}.Debug|x86.ActiveCfg = Debug|Win32
		{A72D1594-03BD-4F9A-BDFD-FE617A756351}.Debug|x86.Build.0 = Debug|Win32
		{A72D1594-03BD-4F9A-BDFD-FE617A756351}.Release|x64.ActiveCfg = Release|x64
		{A72D1594-03BD-4F9A-BDFD-FE617A756351}.Release|x64.Build.0 = Release|x64
		{A72D1594-03BD-4F9A-BDFD-FE617A756351}.Release|x86.ActiveCfg = Release|Win32
		{A72D1594-03BD-4F9A-BDFD-FE617A756351}.Release|x86.Build.0 = Release|Win32
		{A80D4E90-51E9-42B2-BB2B-DF96928E1F95}.Debug|x64.ActiveCfg = Debug|x64
		{A80D4E90-51E9-42B2-BB2B-DF96928E1F95}.Debug|x64.Build.0 = Debug|x64
		{A80D4E90-51E9-42B2-BB2B-DF96928E1F95}.Debug|x86.ActiveCfg = Debug|Win32
		{A80D4E90-51E9-42B2-BB2B-DF96928E1F95}.Debug|x86.Build.0 = Debug|Win32
		{A80D4E90-51E9-42B2-BB2B-DF96928E1F95}.Release|x64.ActiveCfg = Release|x64
		{A80D4E90-51E9-42B2-BB2B-DF96928E1F95}.Release|x64.Build.0 = Release|x64
		{A80D4E90-51E9-42B2-BB2B-DF96928E1F95}.Release|x86.ActiveCfg = Release|Win32
		{A80D4E90-51E9-42B2-BB2B-DF96928E1F95}.Release|x86.Build.0 = Release|Win32
		{E30DC80E-0D32-4902-A65C-337912CC49E7}.Debug|x64.ActiveCfg = Debug|x64
		{E30DC80E-0D32-4902-A65C-337912CC49E7}.Debug|x64.Build.0 = Debug|x64
		{E30DC80E-0D32-4902-A65C-337912CC49E7}.Debug|x86.ActiveCfg = Debug|Win32
		{E30DC80E-0D32-4902-A65C-337912CC49E7}.Debug|x86.Build.0 = Debug|Win32
		{E30DC80E-0D32-4902-A65C-337912CC49E7}.Release|x64.ActiveCfg = Release|x64
		{E30DC80E-0D32-4902-A65C-337912CC49E7}.Release|x64.Build.0 = Release|x64
		{E30DC80E-0D32-4902-A65C-337912CC49E7}.Release|x86.ActiveCfg = Release|Win32
		{E30DC80E-0D32-4902-A65C-337912CC49E7}.Release|x86.Build.0 = Release|Win32
		{7158D144-53AA-4BF1-A634-37A076B351E5}.Debug|x64.ActiveCfg = Debug|x64
		{7158D144-53AA-4BF1-A634-37A076B351E5}.Debug|x64.Build.0 = Debug|x64
		{7158D144-53AA-4BF1-A634-37A076B351E5}.Debug|x86.ActiveCfg = Debug|Win32
		{7158D144-53AA-4BF1-A634-37A076B351E5}.Debug|x86.Build.0 = Debug|Win32
		{7158D144-53AA-4BF1-A634-37A076B351E5}.Release|x64.ActiveCfg = Release|x64
		{7158D144-53AA-4BF1-A634-37A076B351E5}.Release|x64.Build.0 = Release|x64
		{7158D144-53AA-4BF1-A634-37A076B351E5}.Release|x86.ActiveCfg = Release|Win32
		{7158D144-53AA-4BF1-A634-37A076B351E5}.Release|x86.Build.0 = Release|Win32
		{256F4CBA-53AB-4769-BBF9-CBBD93EDFBE2}.Debug|x64.ActiveCfg = Debug|x64
		{256F4CBA-53AB-4769-BBF9-CBBD93EDFBE2}.Debug|x64.Build.0 = Debug|x64
		{256F4CBA-53AB-4769-BBF9-CBBD93EDFBE2}.Debug|x86.ActiveCfg = Debug|Win32
		{256F4CBA-53AB-4769-BBF9-CBBD93EDFBE2}.Debug|x86.Build.0 = Debug|Win32
		{256F4CBA-53AB-4769-BBF9-CBBD93EDFBE2}.Release|x64.ActiveCfg = Release|x64
		{256F4CBA-53AB-4769-BBF9-CBBD93EDFBE2}.Release|x64.Build.0 = Release|x64
		{256F4CBA-53AB-4769-BBF9-CBBD93EDFBE2}.Release|x86.ActiveCfg = Release|Win32
		{256F4CBA-53AB-4769-BBF9-CBBD93EDFBE2}.Release|x86.Build.0 = Release|Win32
		{0102A7A5-2786-4860-86D8-F5F164F092E7}.Debug|x64.ActiveCfg = Debug|x64
		{0102A7A5-2786-4860-86D8-F5F164F092E7}.Debug|x64.Build.0 = Debug|x64
		{0102A7A5-2786-4860-86D8-F5F164F092E7}.Debug|x86.ActiveCfg = Debug|Win32
		{0102A7A5-2786-4860-86D8-F5F164F092E7}.Debug|x86.Build.0 = Debug|Win32
		{0102A7A5-2786-4860-86D8-F5F164F092E7}.Release|x64.ActiveCfg = Release|x64
		{0102A7A5-2786-4860-86D8-F5F164F092E7}.Release|x64.Build.0 = Release|x64
		{0102A7A5-2786-4860-86D8-F5F164F092E7}.Release|x86.ActiveCfg = Release|Win32
		{0102A7A5-2786-4860-86D8-F5F164F092E7}.Release|x86.Build.0 = Release|Win32
		{029E7126-AA33-443D-AFC0-5BAAFEAECEEB}.Debug|x64.ActiveCfg = Debug|x64
		{029E7126-AA33-443D-AFC0-5BAAFEAECEEB}.Debug|x64.Build.0 = Debug|x64
		{029E7126-AA33-443D-AFC0-5BAAFEAECEEB}.Debug|x86.ActiveCfg = Debug|Win32
		{029E7126-AA33-443D-AFC0-5BAAFEAECEEB}.Debug|x86.Build.0 = Debug|Win32
		{029E7126-AA33-443D-AFC0-5BAAFEAECEEB}.Release|x64.ActiveCfg = Release|x64
		{029E7126-AA33-443D-AFC0-5BAAFEAECEEB}.Release|x64.Build.0 = Release|x64
		{029E7126-AA33-443D-AFC0-5BAAFEAECEEB}.Release|x86.ActiveCfg = Release|Win32
		{029E7126-AA33-443D-AFC0-5BAAFEAECEEB}.Release|x86.Build.0 = Release|Win32
		{C63EBFEB-3887-4F3D-A0B2-4ABA122EADFB}.Debug|x64.ActiveCfg = Debug|x64
		{C63EBFEB-3887-4F3D-A0B2-4ABA122EADFB}.Debug|x64.Build.0 = Debug|x64
		{C63EBFEB-3887-4F3D-A0B2-4ABA122EADFB}.Debug|x86.ActiveCfg = Debug|Win32
		{C63EBFEB-3887-4F3D-A0B2-4ABA122EADFB}.Debug|x86.Build.0 = Debug|Win32
		{C63EBFEB-3887-4F3D-A0B2-4ABA122EADFB}.Release|x64.ActiveCfg = Release|x64
		{C63EBFEB-3887-4F3D-A0B2-4ABA122EADFB}.Release|x64.Build.0 = Release|x64
		{C63EBFEB-3887-4F3D-A0B2-4ABA122EADFB}.Release|x86.ActiveCfg = Release|Win32
		{C63EBFEB-3887-4F3D-A0B2-4ABA122EADFB}.Release|x86.Build.0 = Release|Win32
		{6BC573F7-AD61-41DF-BD7D-715A2E6B5946}.Debug|x64.ActiveCfg = Debug|x64
		{6BC573F7-AD61-41DF-BD7D-715A2E6B5946}.Debug|x64.Build.0 = Debug|x64
		{6BC573F7-AD61-41DF-BD7D-715A2E6B5946}.Debug|x86.ActiveCfg = Debug|Win32
		{6BC573F7-AD61-41DF-BD7D-715A2E6B5946}.Debug|x86.Build.0 = Debug|Win32
		{6BC573F7-AD61-41DF-BD7D-715A2E6B5946}.Release|x64.ActiveCfg = Release|x64
		{6BC573F7-AD61-41DF-BD7D-715A2E6B5946}.Release|x64.Build.0 = Release|x64
		{6BC573F7-AD61-41DF-BD7D-715A2E6B5946}.Release|x86.ActiveCfg = Release|Win32
		{6BC573F7-AD61-41DF-BD7D-715A2E6B5946}.Release|x86.Build.0 = Release|Win32
		{911D2A65-6010-475B-8005-EC7C325C0564}.Debug|x64.ActiveCfg = Debug|x64
		{911D2A65-6010-475B-8005-EC7C325C0564}.Debug|x64.Build.0 = Debug|x64
		{911D2A65-6010-475B-8005-EC7C325C0564}.Debug|x86.ActiveCfg = Debug|Win32
		{911D2A65-6010-475B-8005-EC7C325C0564}.Debug|x86.Build.0 = Debug|Win32
		{911D2A65-6010-475B-8005-EC7C325C0564}.Release|x64.ActiveCfg = Release|x64
		{911D2A65-6010-475B-8005-EC7C325C0564}.Release|x64.Build.0 = Release|x64
		{911D2A65-6010-475B-8005-EC7C325C0564}.Release|x86.ActiveCfg = Release|Win32
		{911D2A65-6010-475B-8005-EC7C325C0564}.Release|x86.Build.0 = Release|Win32
		{D2DE7947-E9A4-4803-999D-2F193E4752CC}.Debug|x64.ActiveCfg = Debug|x64
		{D2DE7947-E9A4-4803-999D-2F193E4752CC}.Debug|x64.Build.0 = Debug|x64
		{D2DE7947-E9A4-4803-999D-2F193E4752CC}.Debug|x86.ActiveCfg = Debug|Win32
		{D2DE7947-E9A4-4803-999D-2F193E4752CC}.Debug|x86.Build.0 = Debug|Win32
		{D2DE7947-E9A4-4803-999D-2F193E4752CC}.Release|x64.ActiveCfg = Release|x64
		{D2DE7947-E9A4-4803-999D-2F193E4752CC}.Release|x64.Build.0 = Release|x64
		{D2DE7947-E9A4-4803-999D-2F193E4752CC}.Release|x86.ActiveCfg = Release|Win32
		{D2DE7947-E9A4-4803-999D-2F193E4752CC}.Release|x86.Build.0 = Release|Win32
		{F90231BB-1CC6-419A-B539-2BD9632C87DE}.Debug|x64.ActiveCfg = Debug|x64
		{F90231BB-1CC6-419A-B539-2BD9632C87DE}.Debug|x64.Build.0 = Debug|x64
		{F90231BB-1CC6-419A-B539-2BD9632C87DE}.Debug|x86.ActiveCfg = Debug|Win32
		{F90231BB-1CC6-419A-B539-2BD9632C87DE}.Debug|x86.Build.0 = Debug|Win32
		{F90231BB-1CC6-419A-B539-2BD9632C87DE}.Release|x64.ActiveCfg = Release|x64
		{F90231BB-1CC6-419A-B539-2BD9632C87DE}.Release|x64.Build.0 = Release|x64
		{F90231BB-1CC6-419A-B539-2BD9632C87DE}.Release|x86.ActiveCfg = Release|Win32
		{F90231BB-1CC6-419A-B539-2BD9632C87DE}.Release|x86.Build.0 = Release|Win32
	EndGlobalSection
	GlobalSection(SolutionProperties) = preSolution
		HideSolutionNode = FALSE
	EndGlobalSection
	GlobalSection(ExtensibilityGlobals) = postSolution
		SolutionGuid = {FCBF760B-0CD4-46AE-964F-1538572B809E}
	EndGlobalSection
EndGlobal
